
Microsoft Visual Studio Solution File, Format Version 12.00
# Visual Studio Version 17
VisualStudioVersion = 17.14.36603.0 d17.14
MinimumVisualStudioVersion = 10.0.40219.1
Project("{FAE04EC0-301F-11D3-BF4B-00C04F79EFBC}") = "AddressBookApi", "AddressBookApi.csproj", "{675C88B4-1AF4-45CC-9936-5EBF9E6226DB}"
EndProject
Global
	GlobalSection(SolutionConfigurationPlatforms) = preSolution
		Debug|Any CPU = Debug|Any CPU
		Release|Any CPU = Release|Any CPU
	EndGlobalSection
	GlobalSection(ProjectConfigurationPlatforms) = postSolution
		{675C88B4-1AF4-45CC-9936-5EBF9E6226DB}.Debug|Any CPU.ActiveCfg = Debug|Any CPU
		{675C88B4-1AF4-45CC-9936-5EBF9E6226DB}.Debug|Any CPU.Build.0 = Debug|Any CPU
		{675C88B4-1AF4-45CC-9936-5EBF9E6226DB}.Release|Any CPU.ActiveCfg = Release|Any CPU
		{675C88B4-1AF4-45CC-9936-5EBF9E6226DB}.Release|Any CPU.Build.0 = Release|Any CPU
	EndGlobalSection
	GlobalSection(SolutionProperties) = preSolution
		HideSolutionNode = FALSE
	EndGlobalSection
	GlobalSection(ExtensibilityGlobals) = postSolution
		SolutionGuid = {3B4501C4-8689-4DE6-A801-2142CBEB8DEE}
	EndGlobalSection
EndGlobal
